
Microsoft Visual Studio Solution File, Format Version 12.00
# Visual Studio Version 16
VisualStudioVersion = 16.0.31729.503
MinimumVisualStudioVersion = 10.0.40219.1
Project("{FAE04EC0-301F-11D3-BF4B-00C04F79EFBC}") = "Demo_MVC_Angular_JS1", "Demo_MVC_Angular_JS1\Demo_MVC_Angular_JS1.csproj", "{551FED5B-D59B-4DE2-B974-85384912111A}"
EndProject
Global
	GlobalSection(SolutionConfigurationPlatforms) = preSolution
		Debug|Any CPU = Debug|Any CPU
		Release|Any CPU = Release|Any CPU
	EndGlobalSection
	GlobalSection(ProjectConfigurationPlatforms) = postSolution
		{551FED5B-D59B-4DE2-B974-85384912111A}.Debug|Any CPU.ActiveCfg = Debug|Any CPU
		{551FED5B-D59B-4DE2-B974-85384912111A}.Debug|Any CPU.Build.0 = Debug|Any CPU
		{551FED5B-D59B-4DE2-B974-85384912111A}.Release|Any CPU.ActiveCfg = Release|Any CPU
		{551FED5B-D59B-4DE2-B974-85384912111A}.Release|Any CPU.Build.0 = Release|Any CPU
	EndGlobalSection
	GlobalSection(SolutionProperties) = preSolution
		HideSolutionNode = FALSE
	EndGlobalSection
	GlobalSection(ExtensibilityGlobals) = postSolution
		SolutionGuid = {AA98D263-C879-4098-99A8-13010C87FEFA}
	EndGlobalSection
EndGlobal
